# @generated - this file is auto-generated by `mise lock` https://mise.en.dev/dev-tools/mise-lock.html

[[tools.atuin]]
version = "18.16.1"
backend = "aqua:atuinsh/atuin"

[tools.atuin."platforms.linux-arm64"]
checksum = "sha256:5245dc1553f40afe3a160878a71076e4c5257c83cf819e259c0447a67a9c2d37"
url = "https://github.com/atuinsh/atuin/releases/download/v18.16.1/atuin-aarch64-unknown-linux-musl.tar.gz"
provenance = "github-attestations"

[tools.atuin."platforms.linux-x64"]
checksum = "sha256:aeee16faab126d2f11658ad4920c73fa8479b25fbd3e26570450af7310aac70a"
url = "https://github.com/atuinsh/atuin/releases/download/v18.16.1/atuin-x86_64-unknown-linux-musl.tar.gz"
provenance = "github-attestations"

[[tools.bun]]
version = "1.3.9"
backend = "core:bun"

[tools.bun."platforms.linux-arm64"]
checksum = "sha256:a2c2862bcc1fd1c0b3a8dcdc8c7efb5e2acd871eb20ed2f17617884ede81c844"
url = "https://github.com/oven-sh/bun/releases/download/bun-v1.3.9/bun-linux-aarch64.zip"

[tools.bun."platforms.linux-arm64-musl"]
checksum = "sha256:412e9b2732d148cb127a753d63899b0333c4f4f1bd8dde79316ecfb7ef170270"
url = "https://github.com/oven-sh/bun/releases/download/bun-v1.3.9/bun-linux-aarch64-musl.zip"

[tools.bun."platforms.linux-x64"]
checksum = "sha256:4680e80e44e32aa718560ceae85d22ecfbf2efb8f3641782e35e4b7efd65a1aa"
url = "https://github.com/oven-sh/bun/releases/download/bun-v1.3.9/bun-linux-x64.zip"

[tools.bun."platforms.linux-x64-baseline"]
checksum = "sha256:104d4d037f4b35e10215c0507e1779691f39c57bd91ddeefe11cad781e3fc4b9"
url = "https://github.com/oven-sh/bun/releases/download/bun-v1.3.9/bun-linux-x64-baseline.zip"

[tools.bun."platforms.linux-x64-musl"]
checksum = "sha256:04b7184318937623d317de6b25e82bef7bf5cce0b241501c5d0499513201c72d"
url = "https://github.com/oven-sh/bun/releases/download/bun-v1.3.9/bun-linux-x64-musl.zip"

[tools.bun."platforms.linux-x64-musl-baseline"]
checksum = "sha256:40ea1b2b209d393a07e06299d2d19a31710f1e55d15811a193bfa7c9dd757e01"
url = "https://github.com/oven-sh/bun/releases/download/bun-v1.3.9/bun-linux-x64-musl-baseline.zip"

[[tools."github:ogulcancelik/herdr"]]
version = "0.5.8"
backend = "github:ogulcancelik/herdr"

[tools."github:ogulcancelik/herdr"."platforms.linux-arm64"]
checksum = "sha256:632218bc788440415f037d1cfc319d4c1661885daf4e64feb40f7bb702665461"
url = "https://github.com/ogulcancelik/herdr/releases/download/v0.5.8/herdr-linux-aarch64"
url_api = "https://api.github.com/repos/ogulcancelik/herdr/releases/assets/418395303"

[tools."github:ogulcancelik/herdr"."platforms.linux-x64"]
checksum = "sha256:ce6c2b0ad99201c210c1572214ac2f97aa29873196c17204d13e75fb2cbba8c1"
url = "https://github.com/ogulcancelik/herdr/releases/download/v0.5.8/herdr-linux-x86_64"
url_api = "https://api.github.com/repos/ogulcancelik/herdr/releases/assets/418395304"

[[tools.go]]
version = "1.26.3"
backend = "core:go"

[tools.go."platforms.linux-arm64"]
checksum = "sha256:9d89a3ea57d141c2b22d70083f2c8459ba3890f2d9e818e7e933b75614936565"
url = "https://dl.google.com/go/go1.26.3.linux-arm64.tar.gz"

[tools.go."platforms.linux-x64"]
checksum = "sha256:2b2cfc7148493da5e73981bffbf3353af381d5f93e789c82c79aff64962eb556"
url = "https://dl.google.com/go/go1.26.3.linux-amd64.tar.gz"

[[tools.node]]
version = "24.12.0"
backend = "core:node"

[tools.node."platforms.linux-arm64"]
checksum = "sha256:9b2a2eeb98a8eb37361224e2a1d060300ad2dd143af58dfdb16de785df0f1228"
url = "https://nodejs.org/dist/v24.12.0/node-v24.12.0-linux-arm64.tar.gz"

[tools.node."platforms.linux-x64"]
checksum = "sha256:6159227e0af7d7c3c6bb2fa900452b04a6cb8841a702a79acc613209d70b04d0"
url = "https://nodejs.org/dist/v24.12.0/node-v24.12.0-linux-x64.tar.gz"

[[tools.rust]]
version = "1.89.0"
backend = "core:rust"

[[tools.starship]]
version = "1.25.1"
backend = "aqua:starship/starship"

[tools.starship."platforms.linux-arm64"]
checksum = "sha256:01517aab398959ea9ea73bdb4f032ea4dbb51dff5c8e5eb05b4a1b9b7ab872b8"
url = "https://github.com/starship/starship/releases/download/v1.25.1/starship-aarch64-unknown-linux-musl.tar.gz"

[tools.starship."platforms.linux-x64"]
checksum = "sha256:c6ddd3ecb9c0071a2ad38d98cee748160066b7c4f197421268058f4a5d6f8504"
url = "https://github.com/starship/starship/releases/download/v1.25.1/starship-x86_64-unknown-linux-musl.tar.gz"

[[tools.uv]]
version = "0.9.27"
backend = "aqua:astral-sh/uv"

[tools.uv."platforms.linux-arm64"]
checksum = "sha256:f80e97e1154a06e42143a173831289336ca9e34a67096ab070346958153e8e52"
url = "https://github.com/astral-sh/uv/releases/download/0.9.27/uv-aarch64-unknown-linux-musl.tar.gz"
provenance = "github-attestations"

[tools.uv."platforms.linux-x64"]
checksum = "sha256:9f269bfb9c2e80808c373902af6a4af6cd5f4b4668b28c44aa09639cfed925c5"
url = "https://github.com/astral-sh/uv/releases/download/0.9.27/uv-x86_64-unknown-linux-musl.tar.gz"
provenance = "github-attestations"
